Microsoft Visual Studio Solution File, Format Version 12.00
# Visual Studio Version 17
VisualStudioVersion = 17.5.2.0
MinimumVisualStudioVersion = 10.0.40219.1
Project("{FAE04EC0-301F-11D3-BF4B-00C04F79EFBC}") = "ParyanPerfume", "ParyanPerfume.csproj", "{965A8CB2-7494-959D-819B-A55B189BCA6E}"
EndProject
Global
	GlobalSection(SolutionConfigurationPlatforms) = preSolution
		Debug|Any CPU = Debug|Any CPU
		Release|Any CPU = Release|Any CPU
	EndGlobalSection
	GlobalSection(ProjectConfigurationPlatforms) = postSolution
		{965A8CB2-7494-959D-819B-A55B189BCA6E}.Debug|Any CPU.ActiveCfg = Debug|Any CPU
		{965A8CB2-7494-959D-819B-A55B189BCA6E}.Debug|Any CPU.Build.0 = Debug|Any CPU
		{965A8CB2-7494-959D-819B-A55B189BCA6E}.Release|Any CPU.ActiveCfg = Release|Any CPU
		{965A8CB2-7494-959D-819B-A55B189BCA6E}.Release|Any CPU.Build.0 = Release|Any CPU
	EndGlobalSection
	GlobalSection(SolutionProperties) = preSolution
		HideSolutionNode = FALSE
	EndGlobalSection
	GlobalSection(ExtensibilityGlobals) = postSolution
		SolutionGuid = {E9EDD9E1-EEBB-449C-B6AC-9E67120D84B9}
	EndGlobalSection
EndGlobal
